
Microsoft Visual Studio Solution File, Format Version 12.00
# Visual Studio Version 17
VisualStudioVersion = 17.9.34622.214
MinimumVisualStudioVersion = 10.0.40219.1
Project("{FAE04EC0-301F-11D3-BF4B-00C04F79EFBC}") = "problem8", "problem8.csproj", "{4228AD17-1931-41F3-A1FC-44752802936D}"
EndProject
Global
	GlobalSection(SolutionConfigurationPlatforms) = preSolution
		Debug|Any CPU = Debug|Any CPU
		Release|Any CPU = Release|Any CPU
	EndGlobalSection
	GlobalSection(ProjectConfigurationPlatforms) = postSolution
		{4228AD17-1931-41F3-A1FC-44752802936D}.Debug|Any CPU.ActiveCfg = Debug|Any CPU
		{4228AD17-1931-41F3-A1FC-44752802936D}.Debug|Any CPU.Build.0 = Debug|Any CPU
		{4228AD17-1931-41F3-A1FC-44752802936D}.Release|Any CPU.ActiveCfg = Release|Any CPU
		{4228AD17-1931-41F3-A1FC-44752802936D}.Release|Any CPU.Build.0 = Release|Any CPU
	EndGlobalSection
	GlobalSection(SolutionProperties) = preSolution
		HideSolutionNode = FALSE
	EndGlobalSection
	GlobalSection(ExtensibilityGlobals) = postSolution
		SolutionGuid = {0CC7AF12-5F7E-40DC-BC85-FA6CB3632B25}
	EndGlobalSection
EndGlobal
